
Microsoft Visual Studio Solution File, Format Version 12.00
# Visual Studio Version 16
VisualStudioVersion = 16.0.31829.152
MinimumVisualStudioVersion = 10.0.40219.1
Project("{FAE04EC0-301F-11D3-BF4B-00C04F79EFBC}") = "ControlVersiones", "ControlVersiones\ControlVersiones.csproj", "{497FE856-D4D2-4157-9BBA-A1C95A013D4E}"
EndProject
Global
	GlobalSection(SolutionConfigurationPlatforms) = preSolution
		Debug|Any CPU = Debug|Any CPU
		Release|Any CPU = Release|Any CPU
	EndGlobalSection
	GlobalSection(ProjectConfigurationPlatforms) = postSolution
		{497FE856-D4D2-4157-9BBA-A1C95A013D4E}.Debug|Any CPU.ActiveCfg = Debug|Any CPU
		{497FE856-D4D2-4157-9BBA-A1C95A013D4E}.Debug|Any CPU.Build.0 = Debug|Any CPU
		{497FE856-D4D2-4157-9BBA-A1C95A013D4E}.Release|Any CPU.ActiveCfg = Release|Any CPU
		{497FE856-D4D2-4157-9BBA-A1C95A013D4E}.Release|Any CPU.Build.0 = Release|Any CPU
	EndGlobalSection
	GlobalSection(SolutionProperties) = preSolution
		HideSolutionNode = FALSE
	EndGlobalSection
	GlobalSection(ExtensibilityGlobals) = postSolution
		SolutionGuid = {D3757015-0AA7-46D6-85E7-F823D5B2E5E4}
	EndGlobalSection
EndGlobal
